{
  "object": {
    "pins": [
      {
        "package": "reminders",
        "repositoryURL": "https://github.com/ginqi7/reminders-cli",
        "state": {
          "branch": "main",
          "revision": "088b0147493ed6d6112ca8c07a086d1042a0e6f5",
          "version": null
        }
      },
      {
        "package": "swift-argument-parser",
        "repositoryURL": "https://github.com/apple/swift-argument-parser",
        "state": {
          "branch": null,
          "revision": "46989693916f56d1186bd59ac15124caef896560",
          "version": "1.3.1"
        }
      },
      {
        "package": "SwiftTreeSitter",
        "repositoryURL": "https://github.com/ChimeHQ/SwiftTreeSitter",
        "state": {
          "branch": "main",
          "revision": "f0ac935f7da8ccb659f511ddd6453c9483f4e7bc",
          "version": null
        }
      },
      {
        "package": "TreeSitter",
        "repositoryURL": "https://github.com/tree-sitter/tree-sitter",
        "state": {
          "branch": null,
          "revision": "d97db6d63507eb62c536bcb2c4ac7d70c8ec665e",
          "version": "0.23.2"
        }
      },
      {
        "package": "TreeSitterOrg",
        "repositoryURL": "https://github.com/ginqi7/tree-sitter-org",
        "state": {
          "branch": "main",
          "revision": "b323e37558c409102eff898c8d16c2e6adb7e516",
          "version": null
        }
      }
    ]
  },
  "version": 1
}
